
Microsoft Visual Studio Solution File, Format Version 12.00
# Visual Studio Version 16
VisualStudioVersion = 16.0.32126.315
MinimumVisualStudioVersion = 10.0.40219.1
Project("{FAE04EC0-301F-11D3-BF4B-00C04F79EFBC}") = "ConceptsPOO", "ConceptsPOO\ConceptsPOO.csproj", "{5E6506C2-E853-4E5C-BCCF-B1511F2A7067}"
EndProject
Global
	GlobalSection(SolutionConfigurationPlatforms) = preSolution
		Debug|Any CPU = Debug|Any CPU
		Release|Any CPU = Release|Any CPU
	EndGlobalSection
	GlobalSection(ProjectConfigurationPlatforms) = postSolution
		{5E6506C2-E853-4E5C-BCCF-B1511F2A7067}.Debug|Any CPU.ActiveCfg = Debug|Any CPU
		{5E6506C2-E853-4E5C-BCCF-B1511F2A7067}.Debug|Any CPU.Build.0 = Debug|Any CPU
		{5E6506C2-E853-4E5C-BCCF-B1511F2A7067}.Release|Any CPU.ActiveCfg = Release|Any CPU
		{5E6506C2-E853-4E5C-BCCF-B1511F2A7067}.Release|Any CPU.Build.0 = Release|Any CPU
	EndGlobalSection
	GlobalSection(SolutionProperties) = preSolution
		HideSolutionNode = FALSE
	EndGlobalSection
	GlobalSection(ExtensibilityGlobals) = postSolution
		SolutionGuid = {980CF96D-9D38-4FBB-AD17-CDB2522D7900}
	EndGlobalSection
EndGlobal
